{
  "name": "atari-monk-math-utils-lib",
  "version": "1.0.0",
  "lockfileVersion": 3,
  "requires": true,
  "packages": {
    "": {
      "name": "atari-monk-math-utils-lib",
      "version": "1.0.0",
      "license": "ISC",
      "dependencies": {
        "atari-monk-math-utils-api": "file:atari-monk-math-utils-api-1.0.0.tgz"
      },
      "devDependencies": {
        "typescript": "^5.1.6"
      }
    },
    "node_modules/atari-monk-math-utils-api": {
      "version": "1.0.0",
      "resolved": "file:atari-monk-math-utils-api-1.0.0.tgz",
      "integrity": "sha512-Dz62rvDi67vLQMsB/gJKyQeBH1U0gbXeycFCnDKq42nzVtEovkNa6xOoITjBjELehgOEMM8T1f2fPti/SafOHA==",
      "license": "ISC"
    },
    "node_modules/typescript": {
      "version": "5.1.6",
      "resolved": "https://registry.npmjs.org/typescript/-/typescript-5.1.6.tgz",
      "integrity": "sha512-zaWCozRZ6DLEWAWFrVDz1H6FVXzUSfTy5FUMWsQlU8Ym5JP9eO4xkTIROFCQvhQf61z6O/G6ugw3SgAnvvm+HA==",
      "dev": true,
      "bin": {
        "tsc": "bin/tsc",
        "tsserver": "bin/tsserver"
      },
      "engines": {
        "node": ">=14.17"
      }
    }
  }
}
